
Microsoft Visual Studio Solution File, Format Version 12.00
# Visual Studio Version 17
VisualStudioVersion = 17.1.32228.430
MinimumVisualStudioVersion = 10.0.40219.1
Project("{888888A0-9F3D-457C-B088-3A5042F75D52}") = "Dice_Roll", "Dice_Roll.pyproj", "{FA7C72E1-0135-40E2-9880-B5370CD61BDB}"
EndProject
Global
	GlobalSection(SolutionConfigurationPlatforms) = preSolution
		Debug|Any CPU = Debug|Any CPU
		Release|Any CPU = Release|Any CPU
	EndGlobalSection
	GlobalSection(ProjectConfigurationPlatforms) = postSolution
		{FA7C72E1-0135-40E2-9880-B5370CD61BDB}.Debug|Any CPU.ActiveCfg = Debug|Any CPU
		{FA7C72E1-0135-40E2-9880-B5370CD61BDB}.Release|Any CPU.ActiveCfg = Release|Any CPU
	EndGlobalSection
	GlobalSection(SolutionProperties) = preSolution
		HideSolutionNode = FALSE
	EndGlobalSection
	GlobalSection(ExtensibilityGlobals) = postSolution
		SolutionGuid = {2C277988-7506-475D-B351-EA60766310D5}
	EndGlobalSection
EndGlobal
